// !$*UTF8*$!
{
	archiveVersion = 1;
	classes = {
	};
	objectVersion = 46;
	objects = {

/* Begin PBXBuildFile section */
		EC1A67321E3CE2C0009E5934 /* AppDelegate.swift in Sources */ = {isa = PBXBuildFile; fileRef = EC1A67311E3CE2C0009E5934 /* AppDelegate.swift */; };
		EC1A67341E3CE2C0009E5934 /* ViewController.swift in Sources */ = {isa = PBXBuildFile; fileRef = EC1A67331E3CE2C0009E5934 /* ViewController.swift */; };
		EC1A67371E3CE2C0009E5934 /* Main.storyboard in Resources */ = {isa = PBXBuildFile; fileRef = EC1A67351E3CE2C0009E5934 /* Main.storyboard */; };
		EC1A67391E3CE2C0009E5934 /* Assets.xcassets in Resources */ = {isa = PBXBuildFile; fileRef = EC1A67381E3CE2C0009E5934 /* Assets.xcassets */; };
		EC1A673C1E3CE2C0009E5934 /* LaunchScreen.storyboard in Resources */ = {isa = PBXBuildFile; fileRef = EC1A673A1E3CE2C0009E5934 /* LaunchScreen.storyboard */; };
		EC1A67471E3CE2C0009E5934 /* QuizWorldAPITests.swift in Sources */ = {isa = PBXBuildFile; fileRef = EC1A67461E3CE2C0009E5934 /* QuizWorldAPITests.swift */; };
		EC1A677B1E3CEACD009E5934 /* ServiceType.swift in Sources */ = {isa = PBXBuildFile; fileRef = EC1A677A1E3CEACD009E5934 /* ServiceType.swift */; };
		EC1A677D1E3CEB37009E5934 /* ServerConfig.swift in Sources */ = {isa = PBXBuildFile; fileRef = EC1A677C1E3CEB37009E5934 /* ServerConfig.swift */; };
		EC1A677F1E3CEC28009E5934 /* Service.swift in Sources */ = {isa = PBXBuildFile; fileRef = EC1A677E1E3CEC28009E5934 /* Service.swift */; };
		EC1A67851E3CF059009E5934 /* Route.swift in Sources */ = {isa = PBXBuildFile; fileRef = EC1A67841E3CF059009E5934 /* Route.swift */; };
		EC2E927B1E3CFD0700E089D5 /* Question.swift in Sources */ = {isa = PBXBuildFile; fileRef = EC1A67801E3CEC77009E5934 /* Question.swift */; };
		EC2E927C1E3CFD0700E089D5 /* QuestionEnvelope.swift in Sources */ = {isa = PBXBuildFile; fileRef = EC1A67821E3CEC88009E5934 /* QuestionEnvelope.swift */; };
		EC2E927F1E3CFDB000E089D5 /* ErrorEnvelope.swift in Sources */ = {isa = PBXBuildFile; fileRef = EC2E927D1E3CFD3A00E089D5 /* ErrorEnvelope.swift */; };
/* End PBXBuildFile section */

/* Begin PBXContainerItemProxy section */
		EC1A67431E3CE2C0009E5934 /* PBXContainerItemProxy */ = {
			isa = PBXContainerItemProxy;
			containerPortal = EC1A67261E3CE2C0009E5934 /* Project object */;
			proxyType = 1;
			remoteGlobalIDString = EC1A672D1E3CE2C0009E5934;
			remoteInfo = QuizWorldAPI;
		};
/* End PBXContainerItemProxy section */

/* Begin PBXCopyFilesBuildPhase section */
		EC2E92731E3CFB8600E089D5 /* CopyFiles */ = {
			isa = PBXCopyFilesBuildPhase;
			buildActionMask = 2147483647;
			dstPath = "";
			dstSubfolderSpec = 10;
			files = (
			);
			runOnlyForDeploymentPostprocessing = 0;
		};
/* End PBXCopyFilesBuildPhase section */

/* Begin PBXFileReference section */
		EC1A672E1E3CE2C0009E5934 /* QuizWorldAPI.app */ = {isa = PBXFileReference; explicitFileType = wrapper.application; includeInIndex = 0; path = QuizWorldAPI.app; sourceTree = BUILT_PRODUCTS_DIR; };
		EC1A67311E3CE2C0009E5934 /* AppDelegate.swift */ = {isa = PBXFileReference; lastKnownFileType = sourcecode.swift; path = AppDelegate.swift; sourceTree = "<group>"; };
		EC1A67331E3CE2C0009E5934 /* ViewController.swift */ = {isa = PBXFileReference; lastKnownFileType = sourcecode.swift; path = ViewController.swift; sourceTree = "<group>"; };
		EC1A67361E3CE2C0009E5934 /* Base */ = {isa = PBXFileReference; lastKnownFileType = file.storyboard; name = Base; path = Base.lproj/Main.storyboard; sourceTree = "<group>"; };
		EC1A67381E3CE2C0009E5934 /* Assets.xcassets */ = {isa = PBXFileReference; lastKnownFileType = folder.assetcatalog; path = Assets.xcassets; sourceTree = "<group>"; };
		EC1A673B1E3CE2C0009E5934 /* Base */ = {isa = PBXFileReference; lastKnownFileType = file.storyboard; name = Base; path = Base.lproj/LaunchScreen.storyboard; sourceTree = "<group>"; };
		EC1A673D1E3CE2C0009E5934 /* Info.plist */ = {isa = PBXFileReference; lastKnownFileType = text.plist.xml; path = Info.plist; sourceTree = "<group>"; };
		EC1A67421E3CE2C0009E5934 /* QuizWorldAPITests.xctest */ = {isa = PBXFileReference; explicitFileType = wrapper.cfbundle; includeInIndex = 0; path = QuizWorldAPITests.xctest; sourceTree = BUILT_PRODUCTS_DIR; };
		EC1A67461E3CE2C0009E5934 /* QuizWorldAPITests.swift */ = {isa = PBXFileReference; lastKnownFileType = sourcecode.swift; path = QuizWorldAPITests.swift; sourceTree = "<group>"; };
		EC1A67481E3CE2C0009E5934 /* Info.plist */ = {isa = PBXFileReference; lastKnownFileType = text.plist.xml; path = Info.plist; sourceTree = "<group>"; };
		EC1A677A1E3CEACD009E5934 /* ServiceType.swift */ = {isa = PBXFileReference; fileEncoding = 4; lastKnownFileType = sourcecode.swift; path = ServiceType.swift; sourceTree = "<group>"; };
		EC1A677C1E3CEB37009E5934 /* ServerConfig.swift */ = {isa = PBXFileReference; fileEncoding = 4; lastKnownFileType = sourcecode.swift; path = ServerConfig.swift; sourceTree = "<group>"; };
		EC1A677E1E3CEC28009E5934 /* Service.swift */ = {isa = PBXFileReference; fileEncoding = 4; lastKnownFileType = sourcecode.swift; path = Service.swift; sourceTree = "<group>"; };
		EC1A67801E3CEC77009E5934 /* Question.swift */ = {isa = PBXFileReference; fileEncoding = 4; lastKnownFileType = sourcecode.swift; path = Question.swift; sourceTree = "<group>"; };
		EC1A67821E3CEC88009E5934 /* QuestionEnvelope.swift */ = {isa = PBXFileReference; fileEncoding = 4; lastKnownFileType = sourcecode.swift; path = QuestionEnvelope.swift; sourceTree = "<group>"; };
		EC1A67841E3CF059009E5934 /* Route.swift */ = {isa = PBXFileReference; fileEncoding = 4; lastKnownFileType = sourcecode.swift; path = Route.swift; sourceTree = "<group>"; };
		EC2E927D1E3CFD3A00E089D5 /* ErrorEnvelope.swift */ = {isa = PBXFileReference; fileEncoding = 4; lastKnownFileType = sourcecode.swift; path = ErrorEnvelope.swift; sourceTree = "<group>"; };
/* End PBXFileReference section */

/* Begin PBXFrameworksBuildPhase section */
		EC1A672B1E3CE2C0009E5934 /* Frameworks */ = {
			isa = PBXFrameworksBuildPhase;
			buildActionMask = 2147483647;
			files = (
			);
			runOnlyForDeploymentPostprocessing = 0;
		};
		EC1A673F1E3CE2C0009E5934 /* Frameworks */ = {
			isa = PBXFrameworksBuildPhase;
			buildActionMask = 2147483647;
			files = (
			);
			runOnlyForDeploymentPostprocessing = 0;
		};
/* End PBXFrameworksBuildPhase section */

/* Begin PBXGroup section */
		EC1A67251E3CE2C0009E5934 = {
			isa = PBXGroup;
			children = (
				EC1A67301E3CE2C0009E5934 /* QuizWorldAPI */,
				EC1A67451E3CE2C0009E5934 /* QuizWorldAPITests */,
				EC1A672F1E3CE2C0009E5934 /* Products */,
			);
			sourceTree = "<group>";
		};
		EC1A672F1E3CE2C0009E5934 /* Products */ = {
			isa = PBXGroup;
			children = (
				EC1A672E1E3CE2C0009E5934 /* QuizWorldAPI.app */,
				EC1A67421E3CE2C0009E5934 /* QuizWorldAPITests.xctest */,
			);
			name = Products;
			sourceTree = "<group>";
		};
		EC1A67301E3CE2C0009E5934 /* QuizWorldAPI */ = {
			isa = PBXGroup;
			children = (
				EC1A67311E3CE2C0009E5934 /* AppDelegate.swift */,
				EC1A67331E3CE2C0009E5934 /* ViewController.swift */,
				EC1A677E1E3CEC28009E5934 /* Service.swift */,
				EC1A67841E3CF059009E5934 /* Route.swift */,
				EC1A677A1E3CEACD009E5934 /* ServiceType.swift */,
				EC1A677C1E3CEB37009E5934 /* ServerConfig.swift */,
				EC1A67351E3CE2C0009E5934 /* Main.storyboard */,
				EC1A67381E3CE2C0009E5934 /* Assets.xcassets */,
				EC1A673A1E3CE2C0009E5934 /* LaunchScreen.storyboard */,
				EC1A673D1E3CE2C0009E5934 /* Info.plist */,
			);
			path = QuizWorldAPI;
			sourceTree = "<group>";
		};
		EC1A67451E3CE2C0009E5934 /* QuizWorldAPITests */ = {
			isa = PBXGroup;
			children = (
				EC1A67461E3CE2C0009E5934 /* QuizWorldAPITests.swift */,
				EC1A67481E3CE2C0009E5934 /* Info.plist */,
				EC1A67801E3CEC77009E5934 /* Question.swift */,
				EC2E927D1E3CFD3A00E089D5 /* ErrorEnvelope.swift */,
				EC1A67821E3CEC88009E5934 /* QuestionEnvelope.swift */,
			);
			path = QuizWorldAPITests;
			sourceTree = "<group>";
		};
/* End PBXGroup section */

/* Begin PBXNativeTarget section */
		EC1A672D1E3CE2C0009E5934 /* QuizWorldAPI */ = {
			isa = PBXNativeTarget;
			buildConfigurationList = EC1A674B1E3CE2C0009E5934 /* Build configuration list for PBXNativeTarget "QuizWorldAPI" */;
			buildPhases = (
				EC1A672A1E3CE2C0009E5934 /* Sources */,
				EC1A672B1E3CE2C0009E5934 /* Frameworks */,
				EC1A672C1E3CE2C0009E5934 /* Resources */,
				EC2E92731E3CFB8600E089D5 /* CopyFiles */,
			);
			buildRules = (
			);
			dependencies = (
			);
			name = QuizWorldAPI;
			productName = QuizWorldAPI;
			productReference = EC1A672E1E3CE2C0009E5934 /* QuizWorldAPI.app */;
			productType = "com.apple.product-type.application";
		};
		EC1A67411E3CE2C0009E5934 /* QuizWorldAPITests */ = {
			isa = PBXNativeTarget;
			buildConfigurationList = EC1A674E1E3CE2C0009E5934 /* Build configuration list for PBXNativeTarget "QuizWorldAPITests" */;
			buildPhases = (
				EC1A673E1E3CE2C0009E5934 /* Sources */,
				EC1A673F1E3CE2C0009E5934 /* Frameworks */,
				EC1A67401E3CE2C0009E5934 /* Resources */,
			);
			buildRules = (
			);
			dependencies = (
				EC1A67441E3CE2C0009E5934 /* PBXTargetDependency */,
			);
			name = QuizWorldAPITests;
			productName = QuizWorldAPITests;
			productReference = EC1A67421E3CE2C0009E5934 /* QuizWorldAPITests.xctest */;
			productType = "com.apple.product-type.bundle.unit-test";
		};
/* End PBXNativeTarget section */

/* Begin PBXProject section */
		EC1A67261E3CE2C0009E5934 /* Project object */ = {
			isa = PBXProject;
			attributes = {
				LastSwiftUpdateCheck = 0800;
				LastUpgradeCheck = 0800;
				ORGANIZATIONNAME = beiningbogen.no;
				TargetAttributes = {
					EC1A672D1E3CE2C0009E5934 = {
						CreatedOnToolsVersion = 8.0;
						DevelopmentTeam = 5PKTA338CL;
						ProvisioningStyle = Automatic;
					};
					EC1A67411E3CE2C0009E5934 = {
						CreatedOnToolsVersion = 8.0;
						DevelopmentTeam = 5PKTA338CL;
						ProvisioningStyle = Automatic;
						TestTargetID = EC1A672D1E3CE2C0009E5934;
					};
				};
			};
			buildConfigurationList = EC1A67291E3CE2C0009E5934 /* Build configuration list for PBXProject "QuizWorldAPI" */;
			compatibilityVersion = "Xcode 3.2";
			developmentRegion = English;
			hasScannedForEncodings = 0;
			knownRegions = (
				en,
				Base,
			);
			mainGroup = EC1A67251E3CE2C0009E5934;
			productRefGroup = EC1A672F1E3CE2C0009E5934 /* Products */;
			projectDirPath = "";
			projectRoot = "";
			targets = (
				EC1A672D1E3CE2C0009E5934 /* QuizWorldAPI */,
				EC1A67411E3CE2C0009E5934 /* QuizWorldAPITests */,
			);
		};
/* End PBXProject section */

/* Begin PBXResourcesBuildPhase section */
		EC1A672C1E3CE2C0009E5934 /* Resources */ = {
			isa = PBXResourcesBuildPhase;
			buildActionMask = 2147483647;
			files = (
				EC1A673C1E3CE2C0009E5934 /* LaunchScreen.storyboard in Resources */,
				EC1A67391E3CE2C0009E5934 /* Assets.xcassets in Resources */,
				EC1A67371E3CE2C0009E5934 /* Main.storyboard in Resources */,
			);
			runOnlyForDeploymentPostprocessing = 0;
		};
		EC1A67401E3CE2C0009E5934 /* Resources */ = {
			isa = PBXResourcesBuildPhase;
			buildActionMask = 2147483647;
			files = (
			);
			runOnlyForDeploymentPostprocessing = 0;
		};
/* End PBXResourcesBuildPhase section */

/* Begin PBXSourcesBuildPhase section */
		EC1A672A1E3CE2C0009E5934 /* Sources */ = {
			isa = PBXSourcesBuildPhase;
			buildActionMask = 2147483647;
			files = (
				EC2E927F1E3CFDB000E089D5 /* ErrorEnvelope.swift in Sources */,
				EC1A67341E3CE2C0009E5934 /* ViewController.swift in Sources */,
				EC1A677D1E3CEB37009E5934 /* ServerConfig.swift in Sources */,
				EC1A677F1E3CEC28009E5934 /* Service.swift in Sources */,
				EC1A67851E3CF059009E5934 /* Route.swift in Sources */,
				EC1A677B1E3CEACD009E5934 /* ServiceType.swift in Sources */,
				EC2E927B1E3CFD0700E089D5 /* Question.swift in Sources */,
				EC1A67321E3CE2C0009E5934 /* AppDelegate.swift in Sources */,
				EC2E927C1E3CFD0700E089D5 /* QuestionEnvelope.swift in Sources */,
			);
			runOnlyForDeploymentPostprocessing = 0;
		};
		EC1A673E1E3CE2C0009E5934 /* Sources */ = {
			isa = PBXSourcesBuildPhase;
			buildActionMask = 2147483647;
			files = (
				EC1A67471E3CE2C0009E5934 /* QuizWorldAPITests.swift in Sources */,
			);
			runOnlyForDeploymentPostprocessing = 0;
		};
/* End PBXSourcesBuildPhase section */

/* Begin PBXTargetDependency section */
		EC1A67441E3CE2C0009E5934 /* PBXTargetDependency */ = {
			isa = PBXTargetDependency;
			target = EC1A672D1E3CE2C0009E5934 /* QuizWorldAPI */;
			targetProxy = EC1A67431E3CE2C0009E5934 /* PBXContainerItemProxy */;
		};
/* End PBXTargetDependency section */

/* Begin PBXVariantGroup section */
		EC1A67351E3CE2C0009E5934 /* Main.storyboard */ = {
			isa = PBXVariantGroup;
			children = (
				EC1A67361E3CE2C0009E5934 /* Base */,
			);
			name = Main.storyboard;
			sourceTree = "<group>";
		};
		EC1A673A1E3CE2C0009E5934 /* LaunchScreen.storyboard */ = {
			isa = PBXVariantGroup;
			children = (
				EC1A673B1E3CE2C0009E5934 /* Base */,
			);
			name = LaunchScreen.storyboard;
			sourceTree = "<group>";
		};
/* End PBXVariantGroup section */

/* Begin XCBuildConfiguration section */
		EC1A67491E3CE2C0009E5934 /* Debug */ = {
			isa = XCBuildConfiguration;
			buildSettings = {
				ALWAYS_SEARCH_USER_PATHS = NO;
				CLANG_ANALYZER_NONNULL = YES;
				CLANG_CXX_LANGUAGE_STANDARD = "gnu++0x";
				CLANG_CXX_LIBRARY = "libc++";
				CLANG_ENABLE_MODULES = YES;
				CLANG_ENABLE_OBJC_ARC = YES;
				CLANG_WARN_BOOL_CONVERSION = YES;
				CLANG_WARN_CONSTANT_CONVERSION = YES;
				CLANG_WARN_DIRECT_OBJC_ISA_USAGE = YES_ERROR;
				CLANG_WARN_DOCUMENTATION_COMMENTS = YES;
				CLANG_WARN_EMPTY_BODY = YES;
				CLANG_WARN_ENUM_CONVERSION = YES;
				CLANG_WARN_INFINITE_RECURSION = YES;
				CLANG_WARN_INT_CONVERSION = YES;
				CLANG_WARN_OBJC_ROOT_CLASS = YES_ERROR;
				CLANG_WARN_SUSPICIOUS_MOVES = YES;
				CLANG_WARN_UNREACHABLE_CODE = YES;
				CLANG_WARN__DUPLICATE_METHOD_MATCH = YES;
				"CODE_SIGN_IDENTITY[sdk=iphoneos*]" = "iPhone Developer";
				COPY_PHASE_STRIP = NO;
				DEBUG_INFORMATION_FORMAT = dwarf;
				ENABLE_STRICT_OBJC_MSGSEND = YES;
				ENABLE_TESTABILITY = YES;
				GCC_C_LANGUAGE_STANDARD = gnu99;
				GCC_DYNAMIC_NO_PIC = NO;
				GCC_NO_COMMON_BLOCKS = YES;
				GCC_OPTIMIZATION_LEVEL = 0;
				GCC_PREPROCESSOR_DEFINITIONS = (
					"DEBUG=1",
					"$(inherited)",
				);
				GCC_WARN_64_TO_32_BIT_CONVERSION = YES;
				GCC_WARN_ABOUT_RETURN_TYPE = YES_ERROR;
				GCC_WARN_UNDECLARED_SELECTOR = YES;
				GCC_WARN_UNINITIALIZED_AUTOS = YES_AGGRESSIVE;
				GCC_WARN_UNUSED_FUNCTION = YES;
				GCC_WARN_UNUSED_VARIABLE = YES;
				IPHONEOS_DEPLOYMENT_TARGET = 10.0;
				MTL_ENABLE_DEBUG_INFO = YES;
				ONLY_ACTIVE_ARCH = YES;
				SDKROOT = iphoneos;
				SWIFT_ACTIVE_COMPILATION_CONDITIONS = DEBUG;
				SWIFT_OPTIMIZATION_LEVEL = "-Onone";
			};
			name = Debug;
		};
		EC1A674A1E3CE2C0009E5934 /* Release */ = {
			isa = XCBuildConfiguration;
			buildSettings = {
				ALWAYS_SEARCH_USER_PATHS = NO;
				CLANG_ANALYZER_NONNULL = YES;
				CLANG_CXX_LANGUAGE_STANDARD = "gnu++0x";
				CLANG_CXX_LIBRARY = "libc++";
				CLANG_ENABLE_MODULES = YES;
				CLANG_ENABLE_OBJC_ARC = YES;
				CLANG_WARN_BOOL_CONVERSION = YES;
				CLANG_WARN_CONSTANT_CONVERSION = YES;
				CLANG_WARN_DIRECT_OBJC_ISA_USAGE = YES_ERROR;
				CLANG_WARN_DOCUMENTATION_COMMENTS = YES;
				CLANG_WARN_EMPTY_BODY = YES;
				CLANG_WARN_ENUM_CONVERSION = YES;
				CLANG_WARN_INFINITE_RECURSION = YES;
				CLANG_WARN_INT_CONVERSION = YES;
				CLANG_WARN_OBJC_ROOT_CLASS = YES_ERROR;
				CLANG_WARN_SUSPICIOUS_MOVES = YES;
				CLANG_WARN_UNREACHABLE_CODE = YES;
				CLANG_WARN__DUPLICATE_METHOD_MATCH = YES;
				"CODE_SIGN_IDENTITY[sdk=iphoneos*]" = "iPhone Developer";
				COPY_PHASE_STRIP = NO;
				DEBUG_INFORMATION_FORMAT = "dwarf-with-dsym";
				ENABLE_NS_ASSERTIONS = NO;
				ENABLE_STRICT_OBJC_MSGSEND = YES;
				GCC_C_LANGUAGE_STANDARD = gnu99;
				GCC_NO_COMMON_BLOCKS = YES;
				GCC_WARN_64_TO_32_BIT_CONVERSION = YES;
				GCC_WARN_ABOUT_RETURN_TYPE = YES_ERROR;
				GCC_WARN_UNDECLARED_SELECTOR = YES;
				GCC_WARN_UNINITIALIZED_AUTOS = YES_AGGRESSIVE;
				GCC_WARN_UNUSED_FUNCTION = YES;
				GCC_WARN_UNUSED_VARIABLE = YES;
				IPHONEOS_DEPLOYMENT_TARGET = 10.0;
				MTL_ENABLE_DEBUG_INFO = NO;
				SDKROOT = iphoneos;
				SWIFT_OPTIMIZATION_LEVEL = "-Owholemodule";
				VALIDATE_PRODUCT = YES;
			};
			name = Release;
		};
		EC1A674C1E3CE2C0009E5934 /* Debug */ = {
			isa = XCBuildConfiguration;
			buildSettings = {
				ASSETCATALOG_COMPILER_APPICON_NAME = AppIcon;
				DEVELOPMENT_TEAM = 5PKTA338CL;
				FRAMEWORK_SEARCH_PATHS = (
					"$(inherited)",
					"$(PROJECT_DIR)/Carthage/Build/iOS",
				);
				INFOPLIST_FILE = QuizWorldAPI/Info.plist;
				LD_RUNPATH_SEARCH_PATHS = "$(inherited) @executable_path/Frameworks";
				PRODUCT_BUNDLE_IDENTIFIER = a.QuizWorldAPI;
				PRODUCT_NAME = "$(TARGET_NAME)";
				SWIFT_VERSION = 3.0;
			};
			name = Debug;
		};
		EC1A674D1E3CE2C0009E5934 /* Release */ = {
			isa = XCBuildConfiguration;
			buildSettings = {
				ASSETCATALOG_COMPILER_APPICON_NAME = AppIcon;
				DEVELOPMENT_TEAM = 5PKTA338CL;
				FRAMEWORK_SEARCH_PATHS = (
					"$(inherited)",
					"$(PROJECT_DIR)/Carthage/Build/iOS",
				);
				INFOPLIST_FILE = QuizWorldAPI/Info.plist;
				LD_RUNPATH_SEARCH_PATHS = "$(inherited) @executable_path/Frameworks";
				PRODUCT_BUNDLE_IDENTIFIER = a.QuizWorldAPI;
				PRODUCT_NAME = "$(TARGET_NAME)";
				SWIFT_VERSION = 3.0;
			};
			name = Release;
		};
		EC1A674F1E3CE2C0009E5934 /* Debug */ = {
			isa = XCBuildConfiguration;
			buildSettings = {
				ALWAYS_EMBED_SWIFT_STANDARD_LIBRARIES = YES;
				BUNDLE_LOADER = "$(TEST_HOST)";
				DEVELOPMENT_TEAM = 5PKTA338CL;
				FRAMEWORK_SEARCH_PATHS = (
					"$(inherited)",
					"$(PROJECT_DIR)/Carthage/Build/iOS",
				);
				INFOPLIST_FILE = QuizWorldAPITests/Info.plist;
				LD_RUNPATH_SEARCH_PATHS = "$(inherited) @executable_path/Frameworks @loader_path/Frameworks";
				PRODUCT_BUNDLE_IDENTIFIER = a.QuizWorldAPITests;
				PRODUCT_NAME = "$(TARGET_NAME)";
				SWIFT_VERSION = 3.0;
				TEST_HOST = "$(BUILT_PRODUCTS_DIR)/QuizWorldAPI.app/QuizWorldAPI";
			};
			name = Debug;
		};
		EC1A67501E3CE2C0009E5934 /* Release */ = {
			isa = XCBuildConfiguration;
			buildSettings = {
				ALWAYS_EMBED_SWIFT_STANDARD_LIBRARIES = YES;
				BUNDLE_LOADER = "$(TEST_HOST)";
				DEVELOPMENT_TEAM = 5PKTA338CL;
				FRAMEWORK_SEARCH_PATHS = (
					"$(inherited)",
					"$(PROJECT_DIR)/Carthage/Build/iOS",
				);
				INFOPLIST_FILE = QuizWorldAPITests/Info.plist;
				LD_RUNPATH_SEARCH_PATHS = "$(inherited) @executable_path/Frameworks @loader_path/Frameworks";
				PRODUCT_BUNDLE_IDENTIFIER = a.QuizWorldAPITests;
				PRODUCT_NAME = "$(TARGET_NAME)";
				SWIFT_VERSION = 3.0;
				TEST_HOST = "$(BUILT_PRODUCTS_DIR)/QuizWorldAPI.app/QuizWorldAPI";
			};
			name = Release;
		};
/* End XCBuildConfiguration section */

/* Begin XCConfigurationList section */
		EC1A67291E3CE2C0009E5934 /* Build configuration list for PBXProject "QuizWorldAPI" */ = {
			isa = XCConfigurationList;
			buildConfigurations = (
				EC1A67491E3CE2C0009E5934 /* Debug */,
				EC1A674A1E3CE2C0009E5934 /* Release */,
			);
			defaultConfigurationIsVisible = 0;
			defaultConfigurationName = Release;
		};
		EC1A674B1E3CE2C0009E5934 /* Build configuration list for PBXNativeTarget "QuizWorldAPI" */ = {
			isa = XCConfigurationList;
			buildConfigurations = (
				EC1A674C1E3CE2C0009E5934 /* Debug */,
				EC1A674D1E3CE2C0009E5934 /* Release */,
			);
			defaultConfigurationIsVisible = 0;
			defaultConfigurationName = Release;
		};
		EC1A674E1E3CE2C0009E5934 /* Build configuration list for PBXNativeTarget "QuizWorldAPITests" */ = {
			isa = XCConfigurationList;
			buildConfigurations = (
				EC1A674F1E3CE2C0009E5934 /* Debug */,
				EC1A67501E3CE2C0009E5934 /* Release */,
			);
			defaultConfigurationIsVisible = 0;
			defaultConfigurationName = Release;
		};
/* End XCConfigurationList section */
	};
	rootObject = EC1A67261E3CE2C0009E5934 /* Project object */;
}
